
Microsoft Visual Studio Solution File, Format Version 12.00
# Visual Studio Version 18
VisualStudioVersion = 18.8.12009.203 stable
MinimumVisualStudioVersion = 10.0.40219.1
Project("{F184B08F-C81C-45F6-A57F-5ABD9991F28F}") = "SchlumpfSoftControls", "SchlumpfSoftControls\SchlumpfSoftControls.vbproj", "{DE4CAEAC-9D2B-40B1-AE07-E1C1EC1EF991}"
	ProjectSection(ProjectDependencies) = postProject
		{045BE5B3-7D5E-4507-B73E-6357D52F4C9A} = {045BE5B3-7D5E-4507-B73E-6357D52F4C9A}
		{810FBA80-4993-41C5-91A6-7AA1BFC88EFF} = {810FBA80-4993-41C5-91A6-7AA1BFC88EFF}
		{A49C9868-C802-4512-B2E0-6460EF8B7680} = {A49C9868-C802-4512-B2E0-6460EF8B7680}
		{FED967C8-52DB-4989-BB22-B2B0C1C8FA89} = {FED967C8-52DB-4989-BB22-B2B0C1C8FA89}
	EndProjectSection
EndProject
Project("{2150E333-8FDC-42A3-9474-1A3956D46DE8}") = "Projektmappenelemente", "Projektmappenelemente", "{84D27F74-D2BA-6C25-2661-968F101900D9}"
	ProjectSection(SolutionItems) = preProject
		.gitattributes = .gitattributes
		.gitignore = .gitignore
		LICENSE.txt = LICENSE.txt
		README.md = README.md
		SchlumpfSoftControls.sln.vsdoc = SchlumpfSoftControls.sln.vsdoc
		SchlumpfSoftControls.slnLaunch = SchlumpfSoftControls.slnLaunch
	EndProjectSection
EndProject
Project("{F184B08F-C81C-45F6-A57F-5ABD9991F28F}") = "AniGifControl", "AniGifControl\AniGifControl.vbproj", "{A49C9868-C802-4512-B2E0-6460EF8B7680}"
EndProject
Project("{F184B08F-C81C-45F6-A57F-5ABD9991F28F}") = "AniGifControlTest", "AniGifControlTest\AniGifControlTest.vbproj", "{D90FF52E-0AE2-42F5-B654-F0C573563207}"
EndProject
Project("{F184B08F-C81C-45F6-A57F-5ABD9991F28F}") = "ColorProgressBarControl", "ColorProgressBarControl\ColorProgressBarControl.vbproj", "{FED967C8-52DB-4989-BB22-B2B0C1C8FA89}"
EndProject
Project("{F184B08F-C81C-45F6-A57F-5ABD9991F28F}") = "ColorProgressBarControlTest", "ColorProgressBarControlTest\ColorProgressBarControlTest.vbproj", "{CE3968C4-1873-4BF5-B69C-13ADFBAAF395}"
EndProject
Project("{F184B08F-C81C-45F6-A57F-5ABD9991F28F}") = "DriveWatcherControl", "DriveWatcherControl\DriveWatcherControl.vbproj", "{045BE5B3-7D5E-4507-B73E-6357D52F4C9A}"
EndProject
Project("{F184B08F-C81C-45F6-A57F-5ABD9991F28F}") = "DriveWatcherControlTest", "DriveWatcherControlTest\DriveWatcherControlTest.vbproj", "{E50ECC37-ECAF-4156-B4E6-9E1AF4692931}"
EndProject
Project("{F184B08F-C81C-45F6-A57F-5ABD9991F28F}") = "ExtendedRTFControl", "ExtendedRTFControl\ExtendedRTFControl.vbproj", "{CAA66C6D-A9F0-4D25-887A-058FEDFD3126}"
EndProject
Project("{F184B08F-C81C-45F6-A57F-5ABD9991F28F}") = "ExtendedRTFControlTest", "ExtendedRTFControlTest\ExtendedRTFControlTest.vbproj", "{9466FB10-0392-495D-A522-20D4100B6863}"
EndProject
Project("{F184B08F-C81C-45F6-A57F-5ABD9991F28F}") = "WizardControl", "WizardControl\WizardControl.vbproj", "{0AC43B86-C654-4061-BE31-8CD92111E62E}"
EndProject
Project("{F184B08F-C81C-45F6-A57F-5ABD9991F28F}") = "WizardControlTest", "WizardControlTest\WizardControlTest.vbproj", "{14DF56FD-2892-4440-950A-FCE3C979D826}"
EndProject
Project("{F184B08F-C81C-45F6-A57F-5ABD9991F28F}") = "TransparentLabelControl", "TransparentLabelControl\TransparentLabelControl.vbproj", "{810FBA80-4993-41C5-91A6-7AA1BFC88EFF}"
EndProject
Project("{F184B08F-C81C-45F6-A57F-5ABD9991F28F}") = "TransparentLabelControlTest", "TransparentLabelControlTest\TransparentLabelControlTest.vbproj", "{116A8AD5-2B13-486A-830F-57C216BBD95C}"
EndProject
Project("{F184B08F-C81C-45F6-A57F-5ABD9991F28F}") = "ShapeControl", "ShapeControl\ShapeControl.vbproj", "{3ABC1646-56A0-499E-9C95-61725EEA1A38}"
EndProject
Project("{F184B08F-C81C-45F6-A57F-5ABD9991F28F}") = "ShapeControlTest", "ShapeControlTest\ShapeControlTest.vbproj", "{6A4A87D0-CD68-4756-B241-389BBCB3551D}"
EndProject
Project("{F184B08F-C81C-45F6-A57F-5ABD9991F28F}") = "NotifyFormControl", "NotifyFormControl\NotifyFormControl.vbproj", "{09D0C3A3-D632-4FF7-8EFD-17C40413CD8E}"
EndProject
Project("{F184B08F-C81C-45F6-A57F-5ABD9991F28F}") = "NotifyFormControlTest", "NotifyFormControlTest\NotifyFormControlTest.vbproj", "{92446B7A-AC45-4256-832B-08B49EC603FB}"
EndProject
Project("{F184B08F-C81C-45F6-A57F-5ABD9991F28F}") = "SevenSegmentControl", "SevenSegmentControl\SevenSegmentControl.vbproj", "{222AC22C-CB46-46EC-A499-03639CD00678}"
EndProject
Project("{F184B08F-C81C-45F6-A57F-5ABD9991F28F}") = "SevenSegmentControlTest", "SevenSegmentControlTest\SevenSegmentControlTest.vbproj", "{27909042-086A-4C5D-8C4E-6CDF9C2049AD}"
EndProject
Project("{F184B08F-C81C-45F6-A57F-5ABD9991F28F}") = "FileListControl", "FileListControl\FileListControl.vbproj", "{D2A2FC5F-F5D5-4EFD-BECE-77E8B5ED4250}"
EndProject
Project("{F184B08F-C81C-45F6-A57F-5ABD9991F28F}") = "FileListControlTest", "FileListControlTest\FileListControlTest.vbproj", "{2F08F546-FAE3-4E9A-AC8A-A6AEA9E6AFDB}"
EndProject
Project("{F184B08F-C81C-45F6-A57F-5ABD9991F28F}") = "IniFileControl", "IniFileControl\IniFileControl.vbproj", "{36874BE6-C756-4CB1-9FFE-A5D7B9EC2C81}"
EndProject
Project("{F184B08F-C81C-45F6-A57F-5ABD9991F28F}") = "IniFileControlTest", "IniFileControlTest\IniFileControlTest.vbproj", "{657F0516-69F8-4697-98FE-D7E96D9AF6E7}"
EndProject
Project("{F184B08F-C81C-45F6-A57F-5ABD9991F28F}") = "ExplorerTreeViewControl", "ExplorerTreeViewControl\ExplorerTreeViewControl.vbproj", "{8D77F404-5C71-4C22-B8E2-AC6FB10E6581}"
EndProject
Project("{F184B08F-C81C-45F6-A57F-5ABD9991F28F}") = "ExplorerTreeViewControlTest", "ExplorerTreeViewControlTest\ExplorerTreeViewControlTest.vbproj", "{1C1EF8E5-0302-4491-A2DC-84F45B05D3F2}"
EndProject
Project("{F184B08F-C81C-45F6-A57F-5ABD9991F28F}") = "SharedAttributes", "SharedAttributes\SharedAttributes.vbproj", "{DE3061C5-F6A9-4B01-9D04-EE0366AF091E}"
EndProject
Project("{F184B08F-C81C-45F6-A57F-5ABD9991F28F}") = "ImageComboBoxControl", "ImageComboBoxControl\ImageComboBoxControl.vbproj", "{F8FAFC90-7C86-41D9-ABDF-04D4A7A239FB}"
EndProject
Project("{F184B08F-C81C-45F6-A57F-5ABD9991F28F}") = "ImageComboBoxControlTest", "ImageComboBoxControlTest\ImageComboBoxControlTest.vbproj", "{CEF89D67-BBCF-4C6F-9709-61A62460901B}"
EndProject
Project("{2150E333-8FDC-42A3-9474-1A3956D46DE8}") = "docs", "docs", "{02EA681E-C7D8-13C7-8484-4AC65E1B71E8}"
	ProjectSection(SolutionItems) = preProject
		docs\ChatLog1.md = docs\ChatLog1.md
		docs\Control-API-Checkliste.md = docs\Control-API-Checkliste.md
		docs\Control-Backlog-Issues.md = docs\Control-Backlog-Issues.md
		docs\Control-PR-Checklist.md = docs\Control-PR-Checklist.md
		docs\Control-PR-Description-Short.md = docs\Control-PR-Description-Short.md
		docs\Control-Review-Template.md = docs\Control-Review-Template.md
		docs\Control-Roadmap.md = docs\Control-Roadmap.md
		docs\Control-Vorschlaege.md = docs\Control-Vorschlaege.md
	EndProjectSection
EndProject
Global
	GlobalSection(SolutionConfigurationPlatforms) = preSolution
		Debug|Any CPU = Debug|Any CPU
		Debug|arm64 = Debug|arm64
		Debug|x86 = Debug|x86
		Release|Any CPU = Release|Any CPU
		Release|arm64 = Release|arm64
		Release|x86 = Release|x86
	EndGlobalSection
	GlobalSection(ProjectConfigurationPlatforms) = postSolution
		{DE4CAEAC-9D2B-40B1-AE07-E1C1EC1EF991}.Debug|Any CPU.ActiveCfg = Debug|Any CPU
		{DE4CAEAC-9D2B-40B1-AE07-E1C1EC1EF991}.Debug|Any CPU.Build.0 = Debug|Any CPU
		{DE4CAEAC-9D2B-40B1-AE07-E1C1EC1EF991}.Debug|arm64.ActiveCfg = Debug|arm64
		{DE4CAEAC-9D2B-40B1-AE07-E1C1EC1EF991}.Debug|arm64.Build.0 = Debug|arm64
		{DE4CAEAC-9D2B-40B1-AE07-E1C1EC1EF991}.Debug|x86.ActiveCfg = Debug|x86
		{DE4CAEAC-9D2B-40B1-AE07-E1C1EC1EF991}.Debug|x86.Build.0 = Debug|x86
		{DE4CAEAC-9D2B-40B1-AE07-E1C1EC1EF991}.Release|Any CPU.ActiveCfg = Release|Any CPU
		{DE4CAEAC-9D2B-40B1-AE07-E1C1EC1EF991}.Release|Any CPU.Build.0 = Release|Any CPU
		{DE4CAEAC-9D2B-40B1-AE07-E1C1EC1EF991}.Release|arm64.ActiveCfg = Release|arm64
		{DE4CAEAC-9D2B-40B1-AE07-E1C1EC1EF991}.Release|arm64.Build.0 = Release|arm64
		{DE4CAEAC-9D2B-40B1-AE07-E1C1EC1EF991}.Release|x86.ActiveCfg = Release|x86
		{DE4CAEAC-9D2B-40B1-AE07-E1C1EC1EF991}.Release|x86.Build.0 = Release|x86
		{A49C9868-C802-4512-B2E0-6460EF8B7680}.Debug|Any CPU.ActiveCfg = Debug|Any CPU
		{A49C9868-C802-4512-B2E0-6460EF8B7680}.Debug|Any CPU.Build.0 = Debug|Any CPU
		{A49C9868-C802-4512-B2E0-6460EF8B7680}.Debug|arm64.ActiveCfg = Debug|arm64
		{A49C9868-C802-4512-B2E0-6460EF8B7680}.Debug|arm64.Build.0 = Debug|arm64
		{A49C9868-C802-4512-B2E0-6460EF8B7680}.Debug|x86.ActiveCfg = Debug|x86
		{A49C9868-C802-4512-B2E0-6460EF8B7680}.Debug|x86.Build.0 = Debug|x86
		{A49C9868-C802-4512-B2E0-6460EF8B7680}.Release|Any CPU.ActiveCfg = Release|Any CPU
		{A49C9868-C802-4512-B2E0-6460EF8B7680}.Release|Any CPU.Build.0 = Release|Any CPU
		{A49C9868-C802-4512-B2E0-6460EF8B7680}.Release|arm64.ActiveCfg = Release|arm64
		{A49C9868-C802-4512-B2E0-6460EF8B7680}.Release|arm64.Build.0 = Release|arm64
		{A49C9868-C802-4512-B2E0-6460EF8B7680}.Release|x86.ActiveCfg = Release|x86
		{A49C9868-C802-4512-B2E0-6460EF8B7680}.Release|x86.Build.0 = Release|x86
		{D90FF52E-0AE2-42F5-B654-F0C573563207}.Debug|Any CPU.ActiveCfg = Debug|Any CPU
		{D90FF52E-0AE2-42F5-B654-F0C573563207}.Debug|Any CPU.Build.0 = Debug|Any CPU
		{D90FF52E-0AE2-42F5-B654-F0C573563207}.Debug|arm64.ActiveCfg = Debug|Any CPU
		{D90FF52E-0AE2-42F5-B654-F0C573563207}.Debug|arm64.Build.0 = Debug|Any CPU
		{D90FF52E-0AE2-42F5-B654-F0C573563207}.Debug|x86.ActiveCfg = Debug|Any CPU
		{D90FF52E-0AE2-42F5-B654-F0C573563207}.Debug|x86.Build.0 = Debug|Any CPU
		{D90FF52E-0AE2-42F5-B654-F0C573563207}.Release|Any CPU.ActiveCfg = Release|Any CPU
		{D90FF52E-0AE2-42F5-B654-F0C573563207}.Release|Any CPU.Build.0 = Release|Any CPU
		{D90FF52E-0AE2-42F5-B654-F0C573563207}.Release|arm64.ActiveCfg = Release|Any CPU
		{D90FF52E-0AE2-42F5-B654-F0C573563207}.Release|arm64.Build.0 = Release|Any CPU
		{D90FF52E-0AE2-42F5-B654-F0C573563207}.Release|x86.ActiveCfg = Release|Any CPU
		{D90FF52E-0AE2-42F5-B654-F0C573563207}.Release|x86.Build.0 = Release|Any CPU
		{FED967C8-52DB-4989-BB22-B2B0C1C8FA89}.Debug|Any CPU.ActiveCfg = Debug|Any CPU
		{FED967C8-52DB-4989-BB22-B2B0C1C8FA89}.Debug|Any CPU.Build.0 = Debug|Any CPU
		{FED967C8-52DB-4989-BB22-B2B0C1C8FA89}.Debug|arm64.ActiveCfg = Debug|arm64
		{FED967C8-52DB-4989-BB22-B2B0C1C8FA89}.Debug|arm64.Build.0 = Debug|arm64
		{FED967C8-52DB-4989-BB22-B2B0C1C8FA89}.Debug|x86.ActiveCfg = Debug|x86
		{FED967C8-52DB-4989-BB22-B2B0C1C8FA89}.Debug|x86.Build.0 = Debug|x86
		{FED967C8-52DB-4989-BB22-B2B0C1C8FA89}.Release|Any CPU.ActiveCfg = Release|Any CPU
		{FED967C8-52DB-4989-BB22-B2B0C1C8FA89}.Release|Any CPU.Build.0 = Release|Any CPU
		{FED967C8-52DB-4989-BB22-B2B0C1C8FA89}.Release|arm64.ActiveCfg = Release|arm64
		{FED967C8-52DB-4989-BB22-B2B0C1C8FA89}.Release|arm64.Build.0 = Release|arm64
		{FED967C8-52DB-4989-BB22-B2B0C1C8FA89}.Release|x86.ActiveCfg = Release|x86
		{FED967C8-52DB-4989-BB22-B2B0C1C8FA89}.Release|x86.Build.0 = Release|x86
		{CE3968C4-1873-4BF5-B69C-13ADFBAAF395}.Debug|Any CPU.ActiveCfg = Debug|Any CPU
		{CE3968C4-1873-4BF5-B69C-13ADFBAAF395}.Debug|Any CPU.Build.0 = Debug|Any CPU
		{CE3968C4-1873-4BF5-B69C-13ADFBAAF395}.Debug|arm64.ActiveCfg = Debug|Any CPU
		{CE3968C4-1873-4BF5-B69C-13ADFBAAF395}.Debug|arm64.Build.0 = Debug|Any CPU
		{CE3968C4-1873-4BF5-B69C-13ADFBAAF395}.Debug|x86.ActiveCfg = Debug|Any CPU
		{CE3968C4-1873-4BF5-B69C-13ADFBAAF395}.Debug|x86.Build.0 = Debug|Any CPU
		{CE3968C4-1873-4BF5-B69C-13ADFBAAF395}.Release|Any CPU.ActiveCfg = Release|Any CPU
		{CE3968C4-1873-4BF5-B69C-13ADFBAAF395}.Release|Any CPU.Build.0 = Release|Any CPU
		{CE3968C4-1873-4BF5-B69C-13ADFBAAF395}.Release|arm64.ActiveCfg = Release|Any CPU
		{CE3968C4-1873-4BF5-B69C-13ADFBAAF395}.Release|arm64.Build.0 = Release|Any CPU
		{CE3968C4-1873-4BF5-B69C-13ADFBAAF395}.Release|x86.ActiveCfg = Release|Any CPU
		{CE3968C4-1873-4BF5-B69C-13ADFBAAF395}.Release|x86.Build.0 = Release|Any CPU
		{045BE5B3-7D5E-4507-B73E-6357D52F4C9A}.Debug|Any CPU.ActiveCfg = Debug|Any CPU
		{045BE5B3-7D5E-4507-B73E-6357D52F4C9A}.Debug|Any CPU.Build.0 = Debug|Any CPU
		{045BE5B3-7D5E-4507-B73E-6357D52F4C9A}.Debug|arm64.ActiveCfg = Debug|arm64
		{045BE5B3-7D5E-4507-B73E-6357D52F4C9A}.Debug|arm64.Build.0 = Debug|arm64
		{045BE5B3-7D5E-4507-B73E-6357D52F4C9A}.Debug|x86.ActiveCfg = Debug|x86
		{045BE5B3-7D5E-4507-B73E-6357D52F4C9A}.Debug|x86.Build.0 = Debug|x86
		{045BE5B3-7D5E-4507-B73E-6357D52F4C9A}.Release|Any CPU.ActiveCfg = Release|Any CPU
		{045BE5B3-7D5E-4507-B73E-6357D52F4C9A}.Release|Any CPU.Build.0 = Release|Any CPU
		{045BE5B3-7D5E-4507-B73E-6357D52F4C9A}.Release|arm64.ActiveCfg = Release|arm64
		{045BE5B3-7D5E-4507-B73E-6357D52F4C9A}.Release|arm64.Build.0 = Release|arm64
		{045BE5B3-7D5E-4507-B73E-6357D52F4C9A}.Release|x86.ActiveCfg = Release|x86
		{045BE5B3-7D5E-4507-B73E-6357D52F4C9A}.Release|x86.Build.0 = Release|x86
		{E50ECC37-ECAF-4156-B4E6-9E1AF4692931}.Debug|Any CPU.ActiveCfg = Debug|Any CPU
		{E50ECC37-ECAF-4156-B4E6-9E1AF4692931}.Debug|Any CPU.Build.0 = Debug|Any CPU
		{E50ECC37-ECAF-4156-B4E6-9E1AF4692931}.Debug|arm64.ActiveCfg = Debug|Any CPU
		{E50ECC37-ECAF-4156-B4E6-9E1AF4692931}.Debug|arm64.Build.0 = Debug|Any CPU
		{E50ECC37-ECAF-4156-B4E6-9E1AF4692931}.Debug|x86.ActiveCfg = Debug|Any CPU
		{E50ECC37-ECAF-4156-B4E6-9E1AF4692931}.Debug|x86.Build.0 = Debug|Any CPU
		{E50ECC37-ECAF-4156-B4E6-9E1AF4692931}.Release|Any CPU.ActiveCfg = Release|Any CPU
		{E50ECC37-ECAF-4156-B4E6-9E1AF4692931}.Release|Any CPU.Build.0 = Release|Any CPU
		{E50ECC37-ECAF-4156-B4E6-9E1AF4692931}.Release|arm64.ActiveCfg = Release|Any CPU
		{E50ECC37-ECAF-4156-B4E6-9E1AF4692931}.Release|arm64.Build.0 = Release|Any CPU
		{E50ECC37-ECAF-4156-B4E6-9E1AF4692931}.Release|x86.ActiveCfg = Release|Any CPU
		{E50ECC37-ECAF-4156-B4E6-9E1AF4692931}.Release|x86.Build.0 = Release|Any CPU
		{CAA66C6D-A9F0-4D25-887A-058FEDFD3126}.Debug|Any CPU.ActiveCfg = Debug|Any CPU
		{CAA66C6D-A9F0-4D25-887A-058FEDFD3126}.Debug|Any CPU.Build.0 = Debug|Any CPU
		{CAA66C6D-A9F0-4D25-887A-058FEDFD3126}.Debug|arm64.ActiveCfg = Debug|arm64
		{CAA66C6D-A9F0-4D25-887A-058FEDFD3126}.Debug|arm64.Build.0 = Debug|arm64
		{CAA66C6D-A9F0-4D25-887A-058FEDFD3126}.Debug|x86.ActiveCfg = Debug|x86
		{CAA66C6D-A9F0-4D25-887A-058FEDFD3126}.Debug|x86.Build.0 = Debug|x86
		{CAA66C6D-A9F0-4D25-887A-058FEDFD3126}.Release|Any CPU.ActiveCfg = Release|Any CPU
		{CAA66C6D-A9F0-4D25-887A-058FEDFD3126}.Release|Any CPU.Build.0 = Release|Any CPU
		{CAA66C6D-A9F0-4D25-887A-058FEDFD3126}.Release|arm64.ActiveCfg = Release|arm64
		{CAA66C6D-A9F0-4D25-887A-058FEDFD3126}.Release|arm64.Build.0 = Release|arm64
		{CAA66C6D-A9F0-4D25-887A-058FEDFD3126}.Release|x86.ActiveCfg = Release|x86
		{CAA66C6D-A9F0-4D25-887A-058FEDFD3126}.Release|x86.Build.0 = Release|x86
		{9466FB10-0392-495D-A522-20D4100B6863}.Debug|Any CPU.ActiveCfg = Debug|Any CPU
		{9466FB10-0392-495D-A522-20D4100B6863}.Debug|Any CPU.Build.0 = Debug|Any CPU
		{9466FB10-0392-495D-A522-20D4100B6863}.Debug|arm64.ActiveCfg = Debug|Any CPU
		{9466FB10-0392-495D-A522-20D4100B6863}.Debug|arm64.Build.0 = Debug|Any CPU
		{9466FB10-0392-495D-A522-20D4100B6863}.Debug|x86.ActiveCfg = Debug|Any CPU
		{9466FB10-0392-495D-A522-20D4100B6863}.Debug|x86.Build.0 = Debug|Any CPU
		{9466FB10-0392-495D-A522-20D4100B6863}.Release|Any CPU.ActiveCfg = Release|Any CPU
		{9466FB10-0392-495D-A522-20D4100B6863}.Release|Any CPU.Build.0 = Release|Any CPU
		{9466FB10-0392-495D-A522-20D4100B6863}.Release|arm64.ActiveCfg = Release|Any CPU
		{9466FB10-0392-495D-A522-20D4100B6863}.Release|arm64.Build.0 = Release|Any CPU
		{9466FB10-0392-495D-A522-20D4100B6863}.Release|x86.ActiveCfg = Release|Any CPU
		{9466FB10-0392-495D-A522-20D4100B6863}.Release|x86.Build.0 = Release|Any CPU
		{0AC43B86-C654-4061-BE31-8CD92111E62E}.Debug|Any CPU.ActiveCfg = Debug|Any CPU
		{0AC43B86-C654-4061-BE31-8CD92111E62E}.Debug|Any CPU.Build.0 = Debug|Any CPU
		{0AC43B86-C654-4061-BE31-8CD92111E62E}.Debug|arm64.ActiveCfg = Debug|arm64
		{0AC43B86-C654-4061-BE31-8CD92111E62E}.Debug|arm64.Build.0 = Debug|arm64
		{0AC43B86-C654-4061-BE31-8CD92111E62E}.Debug|x86.ActiveCfg = Debug|x86
		{0AC43B86-C654-4061-BE31-8CD92111E62E}.Debug|x86.Build.0 = Debug|x86
		{0AC43B86-C654-4061-BE31-8CD92111E62E}.Release|Any CPU.ActiveCfg = Release|Any CPU
		{0AC43B86-C654-4061-BE31-8CD92111E62E}.Release|Any CPU.Build.0 = Release|Any CPU
		{0AC43B86-C654-4061-BE31-8CD92111E62E}.Release|arm64.ActiveCfg = Release|arm64
		{0AC43B86-C654-4061-BE31-8CD92111E62E}.Release|arm64.Build.0 = Release|arm64
		{0AC43B86-C654-4061-BE31-8CD92111E62E}.Release|x86.ActiveCfg = Release|x86
		{0AC43B86-C654-4061-BE31-8CD92111E62E}.Release|x86.Build.0 = Release|x86
		{14DF56FD-2892-4440-950A-FCE3C979D826}.Debug|Any CPU.ActiveCfg = Debug|Any CPU
		{14DF56FD-2892-4440-950A-FCE3C979D826}.Debug|Any CPU.Build.0 = Debug|Any CPU
		{14DF56FD-2892-4440-950A-FCE3C979D826}.Debug|arm64.ActiveCfg = Debug|Any CPU
		{14DF56FD-2892-4440-950A-FCE3C979D826}.Debug|arm64.Build.0 = Debug|Any CPU
		{14DF56FD-2892-4440-950A-FCE3C979D826}.Debug|x86.ActiveCfg = Debug|Any CPU
		{14DF56FD-2892-4440-950A-FCE3C979D826}.Debug|x86.Build.0 = Debug|Any CPU
		{14DF56FD-2892-4440-950A-FCE3C979D826}.Release|Any CPU.ActiveCfg = Release|Any CPU
		{14DF56FD-2892-4440-950A-FCE3C979D826}.Release|Any CPU.Build.0 = Release|Any CPU
		{14DF56FD-2892-4440-950A-FCE3C979D826}.Release|arm64.ActiveCfg = Release|Any CPU
		{14DF56FD-2892-4440-950A-FCE3C979D826}.Release|arm64.Build.0 = Release|Any CPU
		{14DF56FD-2892-4440-950A-FCE3C979D826}.Release|x86.ActiveCfg = Release|Any CPU
		{14DF56FD-2892-4440-950A-FCE3C979D826}.Release|x86.Build.0 = Release|Any CPU
		{810FBA80-4993-41C5-91A6-7AA1BFC88EFF}.Debug|Any CPU.ActiveCfg = Debug|Any CPU
		{810FBA80-4993-41C5-91A6-7AA1BFC88EFF}.Debug|Any CPU.Build.0 = Debug|Any CPU
		{810FBA80-4993-41C5-91A6-7AA1BFC88EFF}.Debug|arm64.ActiveCfg = Debug|arm64
		{810FBA80-4993-41C5-91A6-7AA1BFC88EFF}.Debug|arm64.Build.0 = Debug|arm64
		{810FBA80-4993-41C5-91A6-7AA1BFC88EFF}.Debug|x86.ActiveCfg = Debug|x86
		{810FBA80-4993-41C5-91A6-7AA1BFC88EFF}.Debug|x86.Build.0 = Debug|x86
		{810FBA80-4993-41C5-91A6-7AA1BFC88EFF}.Release|Any CPU.ActiveCfg = Release|Any CPU
		{810FBA80-4993-41C5-91A6-7AA1BFC88EFF}.Release|Any CPU.Build.0 = Release|Any CPU
		{810FBA80-4993-41C5-91A6-7AA1BFC88EFF}.Release|arm64.ActiveCfg = Release|arm64
		{810FBA80-4993-41C5-91A6-7AA1BFC88EFF}.Release|arm64.Build.0 = Release|arm64
		{810FBA80-4993-41C5-91A6-7AA1BFC88EFF}.Release|x86.ActiveCfg = Release|x86
		{810FBA80-4993-41C5-91A6-7AA1BFC88EFF}.Release|x86.Build.0 = Release|x86
		{116A8AD5-2B13-486A-830F-57C216BBD95C}.Debug|Any CPU.ActiveCfg = Debug|Any CPU
		{116A8AD5-2B13-486A-830F-57C216BBD95C}.Debug|Any CPU.Build.0 = Debug|Any CPU
		{116A8AD5-2B13-486A-830F-57C216BBD95C}.Debug|arm64.ActiveCfg = Debug|Any CPU
		{116A8AD5-2B13-486A-830F-57C216BBD95C}.Debug|arm64.Build.0 = Debug|Any CPU
		{116A8AD5-2B13-486A-830F-57C216BBD95C}.Debug|x86.ActiveCfg = Debug|Any CPU
		{116A8AD5-2B13-486A-830F-57C216BBD95C}.Debug|x86.Build.0 = Debug|Any CPU
		{116A8AD5-2B13-486A-830F-57C216BBD95C}.Release|Any CPU.ActiveCfg = Release|Any CPU
		{116A8AD5-2B13-486A-830F-57C216BBD95C}.Release|Any CPU.Build.0 = Release|Any CPU
		{116A8AD5-2B13-486A-830F-57C216BBD95C}.Release|arm64.ActiveCfg = Release|Any CPU
		{116A8AD5-2B13-486A-830F-57C216BBD95C}.Release|arm64.Build.0 = Release|Any CPU
		{116A8AD5-2B13-486A-830F-57C216BBD95C}.Release|x86.ActiveCfg = Release|Any CPU
		{116A8AD5-2B13-486A-830F-57C216BBD95C}.Release|x86.Build.0 = Release|Any CPU
		{3ABC1646-56A0-499E-9C95-61725EEA1A38}.Debug|Any CPU.ActiveCfg = Debug|Any CPU
		{3ABC1646-56A0-499E-9C95-61725EEA1A38}.Debug|Any CPU.Build.0 = Debug|Any CPU
		{3ABC1646-56A0-499E-9C95-61725EEA1A38}.Debug|arm64.ActiveCfg = Debug|arm64
		{3ABC1646-56A0-499E-9C95-61725EEA1A38}.Debug|arm64.Build.0 = Debug|arm64
		{3ABC1646-56A0-499E-9C95-61725EEA1A38}.Debug|x86.ActiveCfg = Debug|x86
		{3ABC1646-56A0-499E-9C95-61725EEA1A38}.Debug|x86.Build.0 = Debug|x86
		{3ABC1646-56A0-499E-9C95-61725EEA1A38}.Release|Any CPU.ActiveCfg = Release|Any CPU
		{3ABC1646-56A0-499E-9C95-61725EEA1A38}.Release|Any CPU.Build.0 = Release|Any CPU
		{3ABC1646-56A0-499E-9C95-61725EEA1A38}.Release|arm64.ActiveCfg = Release|arm64
		{3ABC1646-56A0-499E-9C95-61725EEA1A38}.Release|arm64.Build.0 = Release|arm64
		{3ABC1646-56A0-499E-9C95-61725EEA1A38}.Release|x86.ActiveCfg = Release|x86
		{3ABC1646-56A0-499E-9C95-61725EEA1A38}.Release|x86.Build.0 = Release|x86
		{6A4A87D0-CD68-4756-B241-389BBCB3551D}.Debug|Any CPU.ActiveCfg = Debug|Any CPU
		{6A4A87D0-CD68-4756-B241-389BBCB3551D}.Debug|Any CPU.Build.0 = Debug|Any CPU
		{6A4A87D0-CD68-4756-B241-389BBCB3551D}.Debug|arm64.ActiveCfg = Debug|Any CPU
		{6A4A87D0-CD68-4756-B241-389BBCB3551D}.Debug|arm64.Build.0 = Debug|Any CPU
		{6A4A87D0-CD68-4756-B241-389BBCB3551D}.Debug|x86.ActiveCfg = Debug|Any CPU
		{6A4A87D0-CD68-4756-B241-389BBCB3551D}.Debug|x86.Build.0 = Debug|Any CPU
		{6A4A87D0-CD68-4756-B241-389BBCB3551D}.Release|Any CPU.ActiveCfg = Release|Any CPU
		{6A4A87D0-CD68-4756-B241-389BBCB3551D}.Release|Any CPU.Build.0 = Release|Any CPU
		{6A4A87D0-CD68-4756-B241-389BBCB3551D}.Release|arm64.ActiveCfg = Release|Any CPU
		{6A4A87D0-CD68-4756-B241-389BBCB3551D}.Release|arm64.Build.0 = Release|Any CPU
		{6A4A87D0-CD68-4756-B241-389BBCB3551D}.Release|x86.ActiveCfg = Release|Any CPU
		{6A4A87D0-CD68-4756-B241-389BBCB3551D}.Release|x86.Build.0 = Release|Any CPU
		{09D0C3A3-D632-4FF7-8EFD-17C40413CD8E}.Debug|Any CPU.ActiveCfg = Debug|Any CPU
		{09D0C3A3-D632-4FF7-8EFD-17C40413CD8E}.Debug|Any CPU.Build.0 = Debug|Any CPU
		{09D0C3A3-D632-4FF7-8EFD-17C40413CD8E}.Debug|arm64.ActiveCfg = Debug|arm64
		{09D0C3A3-D632-4FF7-8EFD-17C40413CD8E}.Debug|arm64.Build.0 = Debug|arm64
		{09D0C3A3-D632-4FF7-8EFD-17C40413CD8E}.Debug|x86.ActiveCfg = Debug|x86
		{09D0C3A3-D632-4FF7-8EFD-17C40413CD8E}.Debug|x86.Build.0 = Debug|x86
		{09D0C3A3-D632-4FF7-8EFD-17C40413CD8E}.Release|Any CPU.ActiveCfg = Release|Any CPU
		{09D0C3A3-D632-4FF7-8EFD-17C40413CD8E}.Release|Any CPU.Build.0 = Release|Any CPU
		{09D0C3A3-D632-4FF7-8EFD-17C40413CD8E}.Release|arm64.ActiveCfg = Release|arm64
		{09D0C3A3-D632-4FF7-8EFD-17C40413CD8E}.Release|arm64.Build.0 = Release|arm64
		{09D0C3A3-D632-4FF7-8EFD-17C40413CD8E}.Release|x86.ActiveCfg = Release|x86
		{09D0C3A3-D632-4FF7-8EFD-17C40413CD8E}.Release|x86.Build.0 = Release|x86
		{92446B7A-AC45-4256-832B-08B49EC603FB}.Debug|Any CPU.ActiveCfg = Debug|Any CPU
		{92446B7A-AC45-4256-832B-08B49EC603FB}.Debug|Any CPU.Build.0 = Debug|Any CPU
		{92446B7A-AC45-4256-832B-08B49EC603FB}.Debug|arm64.ActiveCfg = Debug|Any CPU
		{92446B7A-AC45-4256-832B-08B49EC603FB}.Debug|arm64.Build.0 = Debug|Any CPU
		{92446B7A-AC45-4256-832B-08B49EC603FB}.Debug|x86.ActiveCfg = Debug|Any CPU
		{92446B7A-AC45-4256-832B-08B49EC603FB}.Debug|x86.Build.0 = Debug|Any CPU
		{92446B7A-AC45-4256-832B-08B49EC603FB}.Release|Any CPU.ActiveCfg = Release|Any CPU
		{92446B7A-AC45-4256-832B-08B49EC603FB}.Release|Any CPU.Build.0 = Release|Any CPU
		{92446B7A-AC45-4256-832B-08B49EC603FB}.Release|arm64.ActiveCfg = Release|Any CPU
		{92446B7A-AC45-4256-832B-08B49EC603FB}.Release|arm64.Build.0 = Release|Any CPU
		{92446B7A-AC45-4256-832B-08B49EC603FB}.Release|x86.ActiveCfg = Release|Any CPU
		{92446B7A-AC45-4256-832B-08B49EC603FB}.Release|x86.Build.0 = Release|Any CPU
		{222AC22C-CB46-46EC-A499-03639CD00678}.Debug|Any CPU.ActiveCfg = Debug|Any CPU
		{222AC22C-CB46-46EC-A499-03639CD00678}.Debug|Any CPU.Build.0 = Debug|Any CPU
		{222AC22C-CB46-46EC-A499-03639CD00678}.Debug|arm64.ActiveCfg = Debug|arm64
		{222AC22C-CB46-46EC-A499-03639CD00678}.Debug|arm64.Build.0 = Debug|arm64
		{222AC22C-CB46-46EC-A499-03639CD00678}.Debug|x86.ActiveCfg = Debug|x86
		{222AC22C-CB46-46EC-A499-03639CD00678}.Debug|x86.Build.0 = Debug|x86
		{222AC22C-CB46-46EC-A499-03639CD00678}.Release|Any CPU.ActiveCfg = Release|Any CPU
		{222AC22C-CB46-46EC-A499-03639CD00678}.Release|Any CPU.Build.0 = Release|Any CPU
		{222AC22C-CB46-46EC-A499-03639CD00678}.Release|arm64.ActiveCfg = Release|arm64
		{222AC22C-CB46-46EC-A499-03639CD00678}.Release|arm64.Build.0 = Release|arm64
		{222AC22C-CB46-46EC-A499-03639CD00678}.Release|x86.ActiveCfg = Release|x86
		{222AC22C-CB46-46EC-A499-03639CD00678}.Release|x86.Build.0 = Release|x86
		{27909042-086A-4C5D-8C4E-6CDF9C2049AD}.Debug|Any CPU.ActiveCfg = Debug|Any CPU
		{27909042-086A-4C5D-8C4E-6CDF9C2049AD}.Debug|Any CPU.Build.0 = Debug|Any CPU
		{27909042-086A-4C5D-8C4E-6CDF9C2049AD}.Debug|arm64.ActiveCfg = Debug|Any CPU
		{27909042-086A-4C5D-8C4E-6CDF9C2049AD}.Debug|arm64.Build.0 = Debug|Any CPU
		{27909042-086A-4C5D-8C4E-6CDF9C2049AD}.Debug|x86.ActiveCfg = Debug|Any CPU
		{27909042-086A-4C5D-8C4E-6CDF9C2049AD}.Debug|x86.Build.0 = Debug|Any CPU
		{27909042-086A-4C5D-8C4E-6CDF9C2049AD}.Release|Any CPU.ActiveCfg = Release|Any CPU
		{27909042-086A-4C5D-8C4E-6CDF9C2049AD}.Release|Any CPU.Build.0 = Release|Any CPU
		{27909042-086A-4C5D-8C4E-6CDF9C2049AD}.Release|arm64.ActiveCfg = Release|Any CPU
		{27909042-086A-4C5D-8C4E-6CDF9C2049AD}.Release|arm64.Build.0 = Release|Any CPU
		{27909042-086A-4C5D-8C4E-6CDF9C2049AD}.Release|x86.ActiveCfg = Release|Any CPU
		{27909042-086A-4C5D-8C4E-6CDF9C2049AD}.Release|x86.Build.0 = Release|Any CPU
		{D2A2FC5F-F5D5-4EFD-BECE-77E8B5ED4250}.Debug|Any CPU.ActiveCfg = Debug|Any CPU
		{D2A2FC5F-F5D5-4EFD-BECE-77E8B5ED4250}.Debug|Any CPU.Build.0 = Debug|Any CPU
		{D2A2FC5F-F5D5-4EFD-BECE-77E8B5ED4250}.Debug|arm64.ActiveCfg = Debug|arm64
		{D2A2FC5F-F5D5-4EFD-BECE-77E8B5ED4250}.Debug|arm64.Build.0 = Debug|arm64
		{D2A2FC5F-F5D5-4EFD-BECE-77E8B5ED4250}.Debug|x86.ActiveCfg = Debug|x86
		{D2A2FC5F-F5D5-4EFD-BECE-77E8B5ED4250}.Debug|x86.Build.0 = Debug|x86
		{D2A2FC5F-F5D5-4EFD-BECE-77E8B5ED4250}.Release|Any CPU.ActiveCfg = Release|Any CPU
		{D2A2FC5F-F5D5-4EFD-BECE-77E8B5ED4250}.Release|Any CPU.Build.0 = Release|Any CPU
		{D2A2FC5F-F5D5-4EFD-BECE-77E8B5ED4250}.Release|arm64.ActiveCfg = Release|arm64
		{D2A2FC5F-F5D5-4EFD-BECE-77E8B5ED4250}.Release|arm64.Build.0 = Release|arm64
		{D2A2FC5F-F5D5-4EFD-BECE-77E8B5ED4250}.Release|x86.ActiveCfg = Release|x86
		{D2A2FC5F-F5D5-4EFD-BECE-77E8B5ED4250}.Release|x86.Build.0 = Release|x86
		{2F08F546-FAE3-4E9A-AC8A-A6AEA9E6AFDB}.Debug|Any CPU.ActiveCfg = Debug|Any CPU
		{2F08F546-FAE3-4E9A-AC8A-A6AEA9E6AFDB}.Debug|Any CPU.Build.0 = Debug|Any CPU
		{2F08F546-FAE3-4E9A-AC8A-A6AEA9E6AFDB}.Debug|arm64.ActiveCfg = Debug|Any CPU
		{2F08F546-FAE3-4E9A-AC8A-A6AEA9E6AFDB}.Debug|arm64.Build.0 = Debug|Any CPU
		{2F08F546-FAE3-4E9A-AC8A-A6AEA9E6AFDB}.Debug|x86.ActiveCfg = Debug|Any CPU
		{2F08F546-FAE3-4E9A-AC8A-A6AEA9E6AFDB}.Debug|x86.Build.0 = Debug|Any CPU
		{2F08F546-FAE3-4E9A-AC8A-A6AEA9E6AFDB}.Release|Any CPU.ActiveCfg = Release|Any CPU
		{2F08F546-FAE3-4E9A-AC8A-A6AEA9E6AFDB}.Release|Any CPU.Build.0 = Release|Any CPU
		{2F08F546-FAE3-4E9A-AC8A-A6AEA9E6AFDB}.Release|arm64.ActiveCfg = Release|Any CPU
		{2F08F546-FAE3-4E9A-AC8A-A6AEA9E6AFDB}.Release|arm64.Build.0 = Release|Any CPU
		{2F08F546-FAE3-4E9A-AC8A-A6AEA9E6AFDB}.Release|x86.ActiveCfg = Release|Any CPU
		{2F08F546-FAE3-4E9A-AC8A-A6AEA9E6AFDB}.Release|x86.Build.0 = Release|Any CPU
		{36874BE6-C756-4CB1-9FFE-A5D7B9EC2C81}.Debug|Any CPU.ActiveCfg = Debug|Any CPU
		{36874BE6-C756-4CB1-9FFE-A5D7B9EC2C81}.Debug|Any CPU.Build.0 = Debug|Any CPU
		{36874BE6-C756-4CB1-9FFE-A5D7B9EC2C81}.Debug|arm64.ActiveCfg = Debug|arm64
		{36874BE6-C756-4CB1-9FFE-A5D7B9EC2C81}.Debug|arm64.Build.0 = Debug|arm64
		{36874BE6-C756-4CB1-9FFE-A5D7B9EC2C81}.Debug|x86.ActiveCfg = Debug|x86
		{36874BE6-C756-4CB1-9FFE-A5D7B9EC2C81}.Debug|x86.Build.0 = Debug|x86
		{36874BE6-C756-4CB1-9FFE-A5D7B9EC2C81}.Release|Any CPU.ActiveCfg = Release|Any CPU
		{36874BE6-C756-4CB1-9FFE-A5D7B9EC2C81}.Release|Any CPU.Build.0 = Release|Any CPU
		{36874BE6-C756-4CB1-9FFE-A5D7B9EC2C81}.Release|arm64.ActiveCfg = Release|arm64
		{36874BE6-C756-4CB1-9FFE-A5D7B9EC2C81}.Release|arm64.Build.0 = Release|arm64
		{36874BE6-C756-4CB1-9FFE-A5D7B9EC2C81}.Release|x86.ActiveCfg = Release|x86
		{36874BE6-C756-4CB1-9FFE-A5D7B9EC2C81}.Release|x86.Build.0 = Release|x86
		{657F0516-69F8-4697-98FE-D7E96D9AF6E7}.Debug|Any CPU.ActiveCfg = Debug|Any CPU
		{657F0516-69F8-4697-98FE-D7E96D9AF6E7}.Debug|Any CPU.Build.0 = Debug|Any CPU
		{657F0516-69F8-4697-98FE-D7E96D9AF6E7}.Debug|arm64.ActiveCfg = Debug|Any CPU
		{657F0516-69F8-4697-98FE-D7E96D9AF6E7}.Debug|arm64.Build.0 = Debug|Any CPU
		{657F0516-69F8-4697-98FE-D7E96D9AF6E7}.Debug|x86.ActiveCfg = Debug|Any CPU
		{657F0516-69F8-4697-98FE-D7E96D9AF6E7}.Debug|x86.Build.0 = Debug|Any CPU
		{657F0516-69F8-4697-98FE-D7E96D9AF6E7}.Release|Any CPU.ActiveCfg = Release|Any CPU
		{657F0516-69F8-4697-98FE-D7E96D9AF6E7}.Release|Any CPU.Build.0 = Release|Any CPU
		{657F0516-69F8-4697-98FE-D7E96D9AF6E7}.Release|arm64.ActiveCfg = Release|Any CPU
		{657F0516-69F8-4697-98FE-D7E96D9AF6E7}.Release|arm64.Build.0 = Release|Any CPU
		{657F0516-69F8-4697-98FE-D7E96D9AF6E7}.Release|x86.ActiveCfg = Release|Any CPU
		{657F0516-69F8-4697-98FE-D7E96D9AF6E7}.Release|x86.Build.0 = Release|Any CPU
		{8D77F404-5C71-4C22-B8E2-AC6FB10E6581}.Debug|Any CPU.ActiveCfg = Debug|Any CPU
		{8D77F404-5C71-4C22-B8E2-AC6FB10E6581}.Debug|Any CPU.Build.0 = Debug|Any CPU
		{8D77F404-5C71-4C22-B8E2-AC6FB10E6581}.Debug|arm64.ActiveCfg = Debug|arm64
		{8D77F404-5C71-4C22-B8E2-AC6FB10E6581}.Debug|arm64.Build.0 = Debug|arm64
		{8D77F404-5C71-4C22-B8E2-AC6FB10E6581}.Debug|x86.ActiveCfg = Debug|x86
		{8D77F404-5C71-4C22-B8E2-AC6FB10E6581}.Debug|x86.Build.0 = Debug|x86
		{8D77F404-5C71-4C22-B8E2-AC6FB10E6581}.Release|Any CPU.ActiveCfg = Release|Any CPU
		{8D77F404-5C71-4C22-B8E2-AC6FB10E6581}.Release|Any CPU.Build.0 = Release|Any CPU
		{8D77F404-5C71-4C22-B8E2-AC6FB10E6581}.Release|arm64.ActiveCfg = Release|arm64
		{8D77F404-5C71-4C22-B8E2-AC6FB10E6581}.Release|arm64.Build.0 = Release|arm64
		{8D77F404-5C71-4C22-B8E2-AC6FB10E6581}.Release|x86.ActiveCfg = Release|x86
		{8D77F404-5C71-4C22-B8E2-AC6FB10E6581}.Release|x86.Build.0 = Release|x86
		{1C1EF8E5-0302-4491-A2DC-84F45B05D3F2}.Debug|Any CPU.ActiveCfg = Debug|Any CPU
		{1C1EF8E5-0302-4491-A2DC-84F45B05D3F2}.Debug|Any CPU.Build.0 = Debug|Any CPU
		{1C1EF8E5-0302-4491-A2DC-84F45B05D3F2}.Debug|arm64.ActiveCfg = Debug|Any CPU
		{1C1EF8E5-0302-4491-A2DC-84F45B05D3F2}.Debug|arm64.Build.0 = Debug|Any CPU
		{1C1EF8E5-0302-4491-A2DC-84F45B05D3F2}.Debug|x86.ActiveCfg = Debug|Any CPU
		{1C1EF8E5-0302-4491-A2DC-84F45B05D3F2}.Debug|x86.Build.0 = Debug|Any CPU
		{1C1EF8E5-0302-4491-A2DC-84F45B05D3F2}.Release|Any CPU.ActiveCfg = Release|Any CPU
		{1C1EF8E5-0302-4491-A2DC-84F45B05D3F2}.Release|Any CPU.Build.0 = Release|Any CPU
		{1C1EF8E5-0302-4491-A2DC-84F45B05D3F2}.Release|arm64.ActiveCfg = Release|Any CPU
		{1C1EF8E5-0302-4491-A2DC-84F45B05D3F2}.Release|arm64.Build.0 = Release|Any CPU
		{1C1EF8E5-0302-4491-A2DC-84F45B05D3F2}.Release|x86.ActiveCfg = Release|Any CPU
		{1C1EF8E5-0302-4491-A2DC-84F45B05D3F2}.Release|x86.Build.0 = Release|Any CPU
		{DE3061C5-F6A9-4B01-9D04-EE0366AF091E}.Debug|Any CPU.ActiveCfg = Debug|Any CPU
		{DE3061C5-F6A9-4B01-9D04-EE0366AF091E}.Debug|Any CPU.Build.0 = Debug|Any CPU
		{DE3061C5-F6A9-4B01-9D04-EE0366AF091E}.Debug|arm64.ActiveCfg = Debug|Any CPU
		{DE3061C5-F6A9-4B01-9D04-EE0366AF091E}.Debug|arm64.Build.0 = Debug|Any CPU
		{DE3061C5-F6A9-4B01-9D04-EE0366AF091E}.Debug|x86.ActiveCfg = Debug|Any CPU
		{DE3061C5-F6A9-4B01-9D04-EE0366AF091E}.Debug|x86.Build.0 = Debug|Any CPU
		{DE3061C5-F6A9-4B01-9D04-EE0366AF091E}.Release|Any CPU.ActiveCfg = Release|Any CPU
		{DE3061C5-F6A9-4B01-9D04-EE0366AF091E}.Release|Any CPU.Build.0 = Release|Any CPU
		{DE3061C5-F6A9-4B01-9D04-EE0366AF091E}.Release|arm64.ActiveCfg = Release|Any CPU
		{DE3061C5-F6A9-4B01-9D04-EE0366AF091E}.Release|arm64.Build.0 = Release|Any CPU
		{DE3061C5-F6A9-4B01-9D04-EE0366AF091E}.Release|x86.ActiveCfg = Release|Any CPU
		{DE3061C5-F6A9-4B01-9D04-EE0366AF091E}.Release|x86.Build.0 = Release|Any CPU
		{F8FAFC90-7C86-41D9-ABDF-04D4A7A239FB}.Debug|Any CPU.ActiveCfg = Debug|Any CPU
		{F8FAFC90-7C86-41D9-ABDF-04D4A7A239FB}.Debug|Any CPU.Build.0 = Debug|Any CPU
		{F8FAFC90-7C86-41D9-ABDF-04D4A7A239FB}.Debug|arm64.ActiveCfg = Debug|arm64
		{F8FAFC90-7C86-41D9-ABDF-04D4A7A239FB}.Debug|arm64.Build.0 = Debug|arm64
		{F8FAFC90-7C86-41D9-ABDF-04D4A7A239FB}.Debug|x86.ActiveCfg = Debug|x86
		{F8FAFC90-7C86-41D9-ABDF-04D4A7A239FB}.Debug|x86.Build.0 = Debug|x86
		{F8FAFC90-7C86-41D9-ABDF-04D4A7A239FB}.Release|Any CPU.ActiveCfg = Release|Any CPU
		{F8FAFC90-7C86-41D9-ABDF-04D4A7A239FB}.Release|Any CPU.Build.0 = Release|Any CPU
		{F8FAFC90-7C86-41D9-ABDF-04D4A7A239FB}.Release|arm64.ActiveCfg = Release|arm64
		{F8FAFC90-7C86-41D9-ABDF-04D4A7A239FB}.Release|arm64.Build.0 = Release|arm64
		{F8FAFC90-7C86-41D9-ABDF-04D4A7A239FB}.Release|x86.ActiveCfg = Release|x86
		{F8FAFC90-7C86-41D9-ABDF-04D4A7A239FB}.Release|x86.Build.0 = Release|x86
		{CEF89D67-BBCF-4C6F-9709-61A62460901B}.Debug|Any CPU.ActiveCfg = Debug|Any CPU
		{CEF89D67-BBCF-4C6F-9709-61A62460901B}.Debug|Any CPU.Build.0 = Debug|Any CPU
		{CEF89D67-BBCF-4C6F-9709-61A62460901B}.Debug|arm64.ActiveCfg = Debug|Any CPU
		{CEF89D67-BBCF-4C6F-9709-61A62460901B}.Debug|arm64.Build.0 = Debug|Any CPU
		{CEF89D67-BBCF-4C6F-9709-61A62460901B}.Debug|x86.ActiveCfg = Debug|Any CPU
		{CEF89D67-BBCF-4C6F-9709-61A62460901B}.Debug|x86.Build.0 = Debug|Any CPU
		{CEF89D67-BBCF-4C6F-9709-61A62460901B}.Release|Any CPU.ActiveCfg = Release|Any CPU
		{CEF89D67-BBCF-4C6F-9709-61A62460901B}.Release|Any CPU.Build.0 = Release|Any CPU
		{CEF89D67-BBCF-4C6F-9709-61A62460901B}.Release|arm64.ActiveCfg = Release|Any CPU
		{CEF89D67-BBCF-4C6F-9709-61A62460901B}.Release|arm64.Build.0 = Release|Any CPU
		{CEF89D67-BBCF-4C6F-9709-61A62460901B}.Release|x86.ActiveCfg = Release|Any CPU
		{CEF89D67-BBCF-4C6F-9709-61A62460901B}.Release|x86.Build.0 = Release|Any CPU
	EndGlobalSection
	GlobalSection(SolutionProperties) = preSolution
		HideSolutionNode = FALSE
	EndGlobalSection
	GlobalSection(ExtensibilityGlobals) = postSolution
		SolutionGuid = {6DC2D356-73A2-48FA-8B32-6B256B016DD9}
	EndGlobalSection
EndGlobal
